<?xml version="1.0" encoding="utf-8"?>
<Project ToolsVersion="4.0" xmlns="http://schemas.microsoft.com/developer/msbuild/2003">
  <ItemGroup>
    <CudaCompile Include="gui_display.cu">
      <Filter>cpp\imgui</Filter>
    </CudaCompile>
    <CudaCompile Include="gui.cu">
      <Filter>cuda</Filter>
    </CudaCompile>
  </ItemGroup>
  <ItemGroup>
    <Filter Include="cpp">
      <UniqueIdentifier>{4ce7af23-2f17-47b0-a610-f71701c19e5c}</UniqueIdentifier>
    </Filter>
    <Filter Include="cpp\imgui">
      <UniqueIdentifier>{6cffcd95-f401-4a17-ad2e-1d582e45f410}</UniqueIdentifier>
    </Filter>
    <Filter Include="cpp\vulkan">
      <UniqueIdentifier>{129f7550-eb81-42d1-8c6f-0296eb640637}</UniqueIdentifier>
    </Filter>
    <Filter Include="includes">
      <UniqueIdentifier>{0d97b4cb-a173-432b-82bf-c862c1fbe94a}</UniqueIdentifier>
    </Filter>
    <Filter Include="cuda">
      <UniqueIdentifier>{a17feea3-34f1-4ff8-a2d1-f44dbe014f77}</UniqueIdentifier>
    </Filter>
    <Filter Include="includes\init_objects">
      <UniqueIdentifier>{33b835af-d5bc-4ea6-a25e-adbe16664ff2}</UniqueIdentifier>
    </Filter>
    <Filter Include="includes\helpers">
      <UniqueIdentifier>{3ac4988f-4f03-4b15-b3ba-b660a77bcdbc}</UniqueIdentifier>
    </Filter>
    <Filter Include="includes\imported">
      <UniqueIdentifier>{294ee2fa-6f16-429f-bd9e-4abac425cfd5}</UniqueIdentifier>
    </Filter>
    <Filter Include="includes\init_objects\mesh">
      <UniqueIdentifier>{3701e0c6-9b7e-4506-bea3-332885870cc7}</UniqueIdentifier>
    </Filter>
    <Filter Include="cpp\imported">
      <UniqueIdentifier>{e37cca23-3f11-4254-af04-9e1e87d00d78}</UniqueIdentifier>
    </Filter>
  </ItemGroup>
  <ItemGroup>
    <ClCompile Include="imgui_rendering.cpp">
      <Filter>cpp\imgui</Filter>
    </ClCompile>
    <ClCompile Include="vulkan_debugging.cpp">
      <Filter>cpp\vulkan</Filter>
    </ClCompile>
    <ClCompile Include="vulkan_initialization.cpp">
      <Filter>cpp\vulkan</Filter>
    </ClCompile>
    <ClCompile Include="vulkan_rendering.cpp">
      <Filter>cpp\vulkan</Filter>
    </ClCompile>
    <ClCompile Include="imgui_initialization.cpp">
      <Filter>cpp\imgui</Filter>
    </ClCompile>
    <ClCompile Include="..\CUDATest\handler_methods.cpp">
      <Filter>cpp\imported</Filter>
    </ClCompile>
  </ItemGroup>
  <ItemGroup>
    <ClInclude Include="resource.h" />
    <ClInclude Include="vulkan_parameters.hpp">
      <Filter>includes</Filter>
    </ClInclude>
    <ClInclude Include="texture_loader.cuh">
      <Filter>includes\init_objects</Filter>
    </ClInclude>
    <ClInclude Include="shader_loader.cuh">
      <Filter>includes\init_objects</Filter>
    </ClInclude>
    <ClInclude Include="rasterizer.cuh">
      <Filter>includes\init_objects</Filter>
    </ClInclude>
    <ClInclude Include="swap_chain_manager.cuh">
      <Filter>includes\init_objects</Filter>
    </ClInclude>
    <ClInclude Include="gui_driver.cuh">
      <Filter>includes</Filter>
    </ClInclude>
    <ClInclude Include="sync_structs.hpp">
      <Filter>includes\init_objects</Filter>
    </ClInclude>
    <ClInclude Include="vulkan_helpers.hpp">
      <Filter>includes\helpers</Filter>
    </ClInclude>
    <ClInclude Include="image_helpers.hpp">
      <Filter>includes\helpers</Filter>
    </ClInclude>
    <ClInclude Include="..\CUDATest\handler_methods.hpp">
      <Filter>includes\imported</Filter>
    </ClInclude>
    <ClInclude Include="vertex_data.hpp">
      <Filter>includes\init_objects\mesh</Filter>
    </ClInclude>
    <ClInclude Include="mesh_manager.hpp">
      <Filter>includes\init_objects\mesh</Filter>
    </ClInclude>
    <ClInclude Include="mesh_viewport.hpp">
      <Filter>includes\init_objects\mesh</Filter>
    </ClInclude>
    <ClInclude Include="descriptor_set_handler.hpp">
      <Filter>includes\helpers</Filter>
    </ClInclude>
    <ClInclude Include="buffer_helpers.hpp">
      <Filter>includes\helpers</Filter>
    </ClInclude>
  </ItemGroup>
  <ItemGroup>
    <ResourceCompile Include="GUIDriver.rc" />
  </ItemGroup>
</Project>