<?xml version="1.0" encoding="utf-8"?>
<Project ToolsVersion="4.0" xmlns="http://schemas.microsoft.com/developer/msbuild/2003">
  <ItemGroup>
    <Filter Include="includes">
      <UniqueIdentifier>{7df18325-d5d6-4aed-bb88-bbac1def402e}</UniqueIdentifier>
    </Filter>
    <Filter Include="includes\import">
      <UniqueIdentifier>{15756fdb-d51b-4249-ac80-e886af57c6c7}</UniqueIdentifier>
    </Filter>
    <Filter Include="cpp">
      <UniqueIdentifier>{9cb573dd-1c3f-463c-ad65-80153015d008}</UniqueIdentifier>
    </Filter>
    <Filter Include="cuda">
      <UniqueIdentifier>{5ca8df87-1203-4b49-a678-ad00d84ad060}</UniqueIdentifier>
    </Filter>
    <Filter Include="cuda\mpm">
      <UniqueIdentifier>{01f4ea10-b4ca-422d-b9d2-3e053aafc19d}</UniqueIdentifier>
    </Filter>
    <Filter Include="cpp\import">
      <UniqueIdentifier>{7f59ccfb-8dd3-432d-ac8a-712058f4f79b}</UniqueIdentifier>
    </Filter>
    <Filter Include="includes\cuda">
      <UniqueIdentifier>{2d414739-64c1-446c-bdb2-ea9ae9b05eca}</UniqueIdentifier>
    </Filter>
    <Filter Include="cuda\data_structures">
      <UniqueIdentifier>{97d1cdd2-fa73-4c30-96bf-33033adf36dd}</UniqueIdentifier>
    </Filter>
    <Filter Include="cuda\data_structures\matrix">
      <UniqueIdentifier>{0b1b43ae-62c4-485b-bdd2-3a2bb6ddf3ed}</UniqueIdentifier>
    </Filter>
  </ItemGroup>
  <ItemGroup>
    <ClInclude Include="..\CUDATest\handler_methods.hpp">
      <Filter>includes\import</Filter>
    </ClInclude>
    <ClInclude Include="matrix.cuh">
      <Filter>includes\cuda</Filter>
    </ClInclude>
    <ClInclude Include="vector_cross.cuh">
      <Filter>includes\cuda</Filter>
    </ClInclude>
    <ClInclude Include="mpm.cuh">
      <Filter>includes\cuda</Filter>
    </ClInclude>
    <ClInclude Include="..\CUDATest\index_pair_cuda.cuh">
      <Filter>includes\cuda</Filter>
    </ClInclude>
  </ItemGroup>
  <ItemGroup>
    <CudaCompile Include="kernel.cu">
      <Filter>cuda</Filter>
    </CudaCompile>
    <CudaCompile Include="matrix_math.cu">
      <Filter>cuda\data_structures\matrix</Filter>
    </CudaCompile>
    <CudaCompile Include="matrix.cu">
      <Filter>cuda\data_structures\matrix</Filter>
    </CudaCompile>
    <CudaCompile Include="matrix_kernel.cu">
      <Filter>cuda\data_structures\matrix</Filter>
    </CudaCompile>
    <CudaCompile Include="mpm.cu">
      <Filter>cuda\mpm</Filter>
    </CudaCompile>
    <CudaCompile Include="weighted_least_squares.cu">
      <Filter>cuda\data_structures\matrix</Filter>
    </CudaCompile>
    <CudaCompile Include="..\CUDATest\index_pair_cuda.cu">
      <Filter>cuda\data_structures</Filter>
    </CudaCompile>
    <CudaCompile Include="vector_cross.cu">
      <Filter>cuda\data_structures</Filter>
    </CudaCompile>
    <CudaCompile Include="simulation_helpers.cu">
      <Filter>cuda\mpm</Filter>
    </CudaCompile>
    <CudaCompile Include="gradient_solve.cu">
      <Filter>cuda\mpm</Filter>
    </CudaCompile>
    <CudaCompile Include="cell_momentum.cu">
      <Filter>cuda\mpm</Filter>
    </CudaCompile>
    <CudaCompile Include="advect_particles.cu">
      <Filter>cuda\mpm</Filter>
    </CudaCompile>
  </ItemGroup>
  <ItemGroup>
    <ClCompile Include="..\CUDATest\handler_methods.cpp">
      <Filter>cpp\import</Filter>
    </ClCompile>
  </ItemGroup>
</Project>