<?xml version="1.0" encoding="utf-8"?>
<Project ToolsVersion="4.0" xmlns="http://schemas.microsoft.com/developer/msbuild/2003">
  <ItemGroup>
    <Filter Include="cpp">
      <UniqueIdentifier>{ad3f9625-0562-4b5b-9030-e5653269b2df}</UniqueIdentifier>
    </Filter>
    <Filter Include="includes">
      <UniqueIdentifier>{87dbb345-8acc-47f6-a4c4-9a93ab71a18f}</UniqueIdentifier>
    </Filter>
    <Filter Include="cuda">
      <UniqueIdentifier>{47916144-91fa-4a14-9fda-1a4b18cf6b58}</UniqueIdentifier>
    </Filter>
    <Filter Include="cpp\data_structures">
      <UniqueIdentifier>{96d073b8-ecfd-46b9-b0a2-340d26b2737b}</UniqueIdentifier>
    </Filter>
  </ItemGroup>
  <ItemGroup>
    <ClInclude Include="handler_methods.hpp">
      <Filter>includes</Filter>
    </ClInclude>
    <ClInclude Include="vector_field.hpp">
      <Filter>includes</Filter>
    </ClInclude>
    <ClInclude Include="fluid_sim.hpp">
      <Filter>includes</Filter>
    </ClInclude>
  </ItemGroup>
  <ItemGroup>
    <ClCompile Include="handler_methods.cpp">
      <Filter>cpp</Filter>
    </ClCompile>
    <ClCompile Include="fluid_sim.cpp">
      <Filter>cpp</Filter>
    </ClCompile>
    <ClCompile Include="index_pair.cpp">
      <Filter>cpp\data_structures</Filter>
    </ClCompile>
    <ClCompile Include="vector_field.cpp">
      <Filter>cpp\data_structures</Filter>
    </ClCompile>
    <ClCompile Include="f_vector.cpp">
      <Filter>cpp\data_structures</Filter>
    </ClCompile>
  </ItemGroup>
  <ItemGroup>
    <CudaCompile Include="kernel.cu">
      <Filter>cuda</Filter>
    </CudaCompile>
  </ItemGroup>
</Project>