<?xml version="1.0" encoding="utf-8"?>
<Project ToolsVersion="4.0" xmlns="http://schemas.microsoft.com/developer/msbuild/2003">
  <ItemGroup>
    <Filter Include="cpp">
      <UniqueIdentifier>{ad3f9625-0562-4b5b-9030-e5653269b2df}</UniqueIdentifier>
    </Filter>
    <Filter Include="includes">
      <UniqueIdentifier>{87dbb345-8acc-47f6-a4c4-9a93ab71a18f}</UniqueIdentifier>
    </Filter>
    <Filter Include="cuda">
      <UniqueIdentifier>{47916144-91fa-4a14-9fda-1a4b18cf6b58}</UniqueIdentifier>
    </Filter>
    <Filter Include="cpp\data_structures">
      <UniqueIdentifier>{96d073b8-ecfd-46b9-b0a2-340d26b2737b}</UniqueIdentifier>
    </Filter>
    <Filter Include="includes\cuda">
      <UniqueIdentifier>{38a54fdc-7192-45e1-8f79-d71f8a5d4094}</UniqueIdentifier>
    </Filter>
    <Filter Include="includes\data_structures">
      <UniqueIdentifier>{77fd86ea-b696-4fc1-ae19-8ab724439de6}</UniqueIdentifier>
    </Filter>
    <Filter Include="cuda\navier_stokes_funcs">
      <UniqueIdentifier>{6a67e2ef-e4e2-429b-a791-03ea68c0b85b}</UniqueIdentifier>
    </Filter>
    <Filter Include="cpp\wrapper_structs">
      <UniqueIdentifier>{62da08cc-babc-4180-b885-aa9e61f611cc}</UniqueIdentifier>
    </Filter>
    <Filter Include="includes\wrapper_structs">
      <UniqueIdentifier>{5197f1dd-411c-4d5f-b5bd-85e859134f15}</UniqueIdentifier>
    </Filter>
    <Filter Include="includes\cuda\data_structures">
      <UniqueIdentifier>{cf673e69-8e1d-49d1-bf99-4c0ee985f46c}</UniqueIdentifier>
    </Filter>
    <Filter Include="cuda\data_structures">
      <UniqueIdentifier>{c4d74515-ec52-4f49-b419-658abfbcf7cc}</UniqueIdentifier>
    </Filter>
  </ItemGroup>
  <ItemGroup>
    <ClInclude Include="handler_methods.hpp">
      <Filter>includes</Filter>
    </ClInclude>
    <ClInclude Include="fluid_sim_cuda.cuh">
      <Filter>includes\cuda</Filter>
    </ClInclude>
    <ClInclude Include="fluid_sim.hpp">
      <Filter>includes</Filter>
    </ClInclude>
    <ClInclude Include="axis_data.hpp">
      <Filter>includes\data_structures</Filter>
    </ClInclude>
    <ClInclude Include="openvdb_handler.hpp">
      <Filter>includes\wrapper_structs</Filter>
    </ClInclude>
    <ClInclude Include="cudamap.cuh">
      <Filter>includes\cuda\data_structures</Filter>
    </ClInclude>
    <ClInclude Include="index_pair_cuda.cuh">
      <Filter>includes\cuda\data_structures</Filter>
    </ClInclude>
    <ClInclude Include="vector_field.hpp">
      <Filter>includes\data_structures</Filter>
    </ClInclude>
    <ClInclude Include="diagnostic_statistics.cuh">
      <Filter>includes\cuda</Filter>
    </ClInclude>
  </ItemGroup>
  <ItemGroup>
    <ClCompile Include="handler_methods.cpp">
      <Filter>cpp</Filter>
    </ClCompile>
    <ClCompile Include="fluid_sim.cpp">
      <Filter>cpp</Filter>
    </ClCompile>
    <ClCompile Include="vector_field.cpp">
      <Filter>cpp\data_structures</Filter>
    </ClCompile>
    <ClCompile Include="axis_data.cpp">
      <Filter>cpp\data_structures</Filter>
    </ClCompile>
    <ClCompile Include="openvdb_handler.cpp">
      <Filter>cpp\wrapper_structs</Filter>
    </ClCompile>
  </ItemGroup>
  <ItemGroup>
    <CudaCompile Include="project.cu">
      <Filter>cuda\navier_stokes_funcs</Filter>
    </CudaCompile>
    <CudaCompile Include="linear_solver.cu">
      <Filter>cuda\navier_stokes_funcs</Filter>
    </CudaCompile>
    <CudaCompile Include="kernel.cu">
      <Filter>cuda</Filter>
    </CudaCompile>
    <CudaCompile Include="advect.cu">
      <Filter>cuda\navier_stokes_funcs</Filter>
    </CudaCompile>
    <CudaCompile Include="index_pair_cuda.cu">
      <Filter>cuda\data_structures</Filter>
    </CudaCompile>
    <CudaCompile Include="boundary_conditions.cu">
      <Filter>cuda\navier_stokes_funcs</Filter>
    </CudaCompile>
    <CudaCompile Include="diagnostic_statistics.cu">
      <Filter>cuda</Filter>
    </CudaCompile>
    <CudaCompile Include="simulation_effector.cu">
      <Filter>cuda</Filter>
    </CudaCompile>
    <CudaCompile Include="cudamap.cu">
      <Filter>cuda\data_structures</Filter>
    </CudaCompile>
  </ItemGroup>
</Project>